// !$*UTF8*$!
{
	archiveVersion = 1;
	classes = {
	};
	objectVersion = 50;
	objects = {

/* Begin PBXBuildFile section */
		B00B83B4229C1D49007D0329 /* DetailsInteractor.swift in Sources */ = {isa = PBXBuildFile; fileRef = B00B83B3229C1D49007D0329 /* DetailsInteractor.swift */; };
		B00B83B6229C2581007D0329 /* HourlyForecastsCollectionViewCell.swift in Sources */ = {isa = PBXBuildFile; fileRef = B00B83B5229C2581007D0329 /* HourlyForecastsCollectionViewCell.swift */; };
		B00B83B8229C2F25007D0329 /* DailyForecastsCollectionViewCell.swift in Sources */ = {isa = PBXBuildFile; fileRef = B00B83B7229C2F25007D0329 /* DailyForecastsCollectionViewCell.swift */; };
		B00B83BA229C2F78007D0329 /* HourlyForecastsCollectionViewCellPresenter.swift in Sources */ = {isa = PBXBuildFile; fileRef = B00B83B9229C2F78007D0329 /* HourlyForecastsCollectionViewCellPresenter.swift */; };
		B00B83BC229C2F9E007D0329 /* DailyForecastsCollectionViewCellPresenter.swift in Sources */ = {isa = PBXBuildFile; fileRef = B00B83BB229C2F9E007D0329 /* DailyForecastsCollectionViewCellPresenter.swift */; };
		B031D5082297C9FF009AB8B6 /* Globals.swift in Sources */ = {isa = PBXBuildFile; fileRef = B031D5072297C9FF009AB8B6 /* Globals.swift */; };
		B031D50C2297D66C009AB8B6 /* CityCellInteractor.swift in Sources */ = {isa = PBXBuildFile; fileRef = B031D50B2297D66C009AB8B6 /* CityCellInteractor.swift */; };
		B05A520322A3AEAE007F5ACC /* ServiceUnavailable.swift in Sources */ = {isa = PBXBuildFile; fileRef = B05A520222A3AEAE007F5ACC /* ServiceUnavailable.swift */; };
		B05A520C22A3E311007F5ACC /* CitiesViewDelegate.swift in Sources */ = {isa = PBXBuildFile; fileRef = B05A520B22A3E311007F5ACC /* CitiesViewDelegate.swift */; };
		B05A520E22A40CD4007F5ACC /* Alert.swift in Sources */ = {isa = PBXBuildFile; fileRef = B05A520D22A40CD4007F5ACC /* Alert.swift */; };
		B05A521022A410F5007F5ACC /* VCAlertDelegate.swift in Sources */ = {isa = PBXBuildFile; fileRef = B05A520F22A410F5007F5ACC /* VCAlertDelegate.swift */; };
		B06050FA229577ED00F98EC2 /* AppDelegate.swift in Sources */ = {isa = PBXBuildFile; fileRef = B06050F9229577ED00F98EC2 /* AppDelegate.swift */; };
		B0605102229577ED00F98EC2 /* WeatherApp.xcdatamodeld in Sources */ = {isa = PBXBuildFile; fileRef = B0605100229577ED00F98EC2 /* WeatherApp.xcdatamodeld */; };
		B0605104229577EE00F98EC2 /* Assets.xcassets in Resources */ = {isa = PBXBuildFile; fileRef = B0605103229577EE00F98EC2 /* Assets.xcassets */; };
		B0605107229577EE00F98EC2 /* LaunchScreen.storyboard in Resources */ = {isa = PBXBuildFile; fileRef = B0605105229577EE00F98EC2 /* LaunchScreen.storyboard */; };
		B0605112229577EE00F98EC2 /* WeatherAppTests.swift in Sources */ = {isa = PBXBuildFile; fileRef = B0605111229577EE00F98EC2 /* WeatherAppTests.swift */; };
		B060511D229577EE00F98EC2 /* WeatherAppUITests.swift in Sources */ = {isa = PBXBuildFile; fileRef = B060511C229577EE00F98EC2 /* WeatherAppUITests.swift */; };
		B0695B1C22996D51006F7EC0 /* DetailsPresenter.swift in Sources */ = {isa = PBXBuildFile; fileRef = B0695B1B22996D51006F7EC0 /* DetailsPresenter.swift */; };
		B07C602C22957D4500E34E90 /* Main.storyboard in Resources */ = {isa = PBXBuildFile; fileRef = B07C602B22957D4500E34E90 /* Main.storyboard */; };
		B07C602E22957D7A00E34E90 /* Details.storyboard in Resources */ = {isa = PBXBuildFile; fileRef = B07C602D22957D7A00E34E90 /* Details.storyboard */; };
		B07C603022957E9A00E34E90 /* CitiesViewController.swift in Sources */ = {isa = PBXBuildFile; fileRef = B07C602F22957E9A00E34E90 /* CitiesViewController.swift */; };
		B07C60342295834D00E34E90 /* CityTableViewCell.swift in Sources */ = {isa = PBXBuildFile; fileRef = B07C60332295834D00E34E90 /* CityTableViewCell.swift */; };
		B07C60362295859E00E34E90 /* CitiesPresenter.swift in Sources */ = {isa = PBXBuildFile; fileRef = B07C60352295859E00E34E90 /* CitiesPresenter.swift */; };
		B07C603822958D2000E34E90 /* CityCellPresenter.swift in Sources */ = {isa = PBXBuildFile; fileRef = B07C603722958D2000E34E90 /* CityCellPresenter.swift */; };
		B07C603A2295927900E34E90 /* DataService.swift in Sources */ = {isa = PBXBuildFile; fileRef = B07C60392295927900E34E90 /* DataService.swift */; };
		B07C603E2295938000E34E90 /* CurrentConditionsModel.swift in Sources */ = {isa = PBXBuildFile; fileRef = B07C603D2295938000E34E90 /* CurrentConditionsModel.swift */; };
		B07C6040229593A700E34E90 /* HourlyForecastsModel.swift in Sources */ = {isa = PBXBuildFile; fileRef = B07C603F229593A700E34E90 /* HourlyForecastsModel.swift */; };
		B07C6042229593C200E34E90 /* DailyForecastsModel.swift in Sources */ = {isa = PBXBuildFile; fileRef = B07C6041229593C200E34E90 /* DailyForecastsModel.swift */; };
		B07C6044229596B200E34E90 /* LocationSearchModel.swift in Sources */ = {isa = PBXBuildFile; fileRef = B07C6043229596B200E34E90 /* LocationSearchModel.swift */; };
		B0A359BE229D376D00F01642 /* WeatherIconNameGetter.swift in Sources */ = {isa = PBXBuildFile; fileRef = B0A359BD229D376D00F01642 /* WeatherIconNameGetter.swift */; };
		B0A359C0229D468100F01642 /* TemperatureTextGetter.swift in Sources */ = {isa = PBXBuildFile; fileRef = B0A359BF229D468100F01642 /* TemperatureTextGetter.swift */; };
		B0D35D152297EDFF00C6F4B6 /* CitiesInteractor.swift in Sources */ = {isa = PBXBuildFile; fileRef = B0D35D142297EDFF00C6F4B6 /* CitiesInteractor.swift */; };
		B0D35D562298538700C6F4B6 /* DetailsViewController.swift in Sources */ = {isa = PBXBuildFile; fileRef = B0D35D552298538700C6F4B6 /* DetailsViewController.swift */; };
		B0D826D7229E813700787E23 /* Constants.swift in Sources */ = {isa = PBXBuildFile; fileRef = B0D826D6229E813700787E23 /* Constants.swift */; };
		B0D826D9229EB51200787E23 /* DateTimeFormatter.swift in Sources */ = {isa = PBXBuildFile; fileRef = B0D826D8229EB51200787E23 /* DateTimeFormatter.swift */; };
		B0D826E3229ED05300787E23 /* ForecastsCollectionViewLayout.swift in Sources */ = {isa = PBXBuildFile; fileRef = B0D826E2229ED05300787E23 /* ForecastsCollectionViewLayout.swift */; };
		B0E4BF912296C50B00DC7011 /* URLMaker.swift in Sources */ = {isa = PBXBuildFile; fileRef = B0E4BF902296C50B00DC7011 /* URLMaker.swift */; };
		B0E63F20229FE547000CB12C /* CitySearchTableViewCell.swift in Sources */ = {isa = PBXBuildFile; fileRef = B0E63F1F229FE547000CB12C /* CitySearchTableViewCell.swift */; };
		B0E63F2222A008F1000CB12C /* CitiesSearchCellPresenter.swift in Sources */ = {isa = PBXBuildFile; fileRef = B0E63F2122A008F1000CB12C /* CitiesSearchCellPresenter.swift */; };
/* End PBXBuildFile section */

/* Begin PBXContainerItemProxy section */
		B060510E229577EE00F98EC2 /* PBXContainerItemProxy */ = {
			isa = PBXContainerItemProxy;
			containerPortal = B06050EE229577ED00F98EC2 /* Project object */;
			proxyType = 1;
			remoteGlobalIDString = B06050F5229577ED00F98EC2;
			remoteInfo = WeatherApp;
		};
		B0605119229577EE00F98EC2 /* PBXContainerItemProxy */ = {
			isa = PBXContainerItemProxy;
			containerPortal = B06050EE229577ED00F98EC2 /* Project object */;
			proxyType = 1;
			remoteGlobalIDString = B06050F5229577ED00F98EC2;
			remoteInfo = WeatherApp;
		};
/* End PBXContainerItemProxy section */

/* Begin PBXFileReference section */
		B00B83B3229C1D49007D0329 /* DetailsInteractor.swift */ = {isa = PBXFileReference; lastKnownFileType = sourcecode.swift; path = DetailsInteractor.swift; sourceTree = "<group>"; };
		B00B83B5229C2581007D0329 /* HourlyForecastsCollectionViewCell.swift */ = {isa = PBXFileReference; lastKnownFileType = sourcecode.swift; path = HourlyForecastsCollectionViewCell.swift; sourceTree = "<group>"; };
		B00B83B7229C2F25007D0329 /* DailyForecastsCollectionViewCell.swift */ = {isa = PBXFileReference; lastKnownFileType = sourcecode.swift; path = DailyForecastsCollectionViewCell.swift; sourceTree = "<group>"; };
		B00B83B9229C2F78007D0329 /* HourlyForecastsCollectionViewCellPresenter.swift */ = {isa = PBXFileReference; lastKnownFileType = sourcecode.swift; path = HourlyForecastsCollectionViewCellPresenter.swift; sourceTree = "<group>"; };
		B00B83BB229C2F9E007D0329 /* DailyForecastsCollectionViewCellPresenter.swift */ = {isa = PBXFileReference; lastKnownFileType = sourcecode.swift; path = DailyForecastsCollectionViewCellPresenter.swift; sourceTree = "<group>"; };
		B031D5072297C9FF009AB8B6 /* Globals.swift */ = {isa = PBXFileReference; lastKnownFileType = sourcecode.swift; path = Globals.swift; sourceTree = "<group>"; };
		B031D50B2297D66C009AB8B6 /* CityCellInteractor.swift */ = {isa = PBXFileReference; lastKnownFileType = sourcecode.swift; path = CityCellInteractor.swift; sourceTree = "<group>"; };
		B05A520222A3AEAE007F5ACC /* ServiceUnavailable.swift */ = {isa = PBXFileReference; lastKnownFileType = sourcecode.swift; path = ServiceUnavailable.swift; sourceTree = "<group>"; };
		B05A520B22A3E311007F5ACC /* CitiesViewDelegate.swift */ = {isa = PBXFileReference; lastKnownFileType = sourcecode.swift; path = CitiesViewDelegate.swift; sourceTree = "<group>"; };
		B05A520D22A40CD4007F5ACC /* Alert.swift */ = {isa = PBXFileReference; lastKnownFileType = sourcecode.swift; path = Alert.swift; sourceTree = "<group>"; };
		B05A520F22A410F5007F5ACC /* VCAlertDelegate.swift */ = {isa = PBXFileReference; lastKnownFileType = sourcecode.swift; path = VCAlertDelegate.swift; sourceTree = "<group>"; };
		B06050F6229577ED00F98EC2 /* WeatherApp.app */ = {isa = PBXFileReference; explicitFileType = wrapper.application; includeInIndex = 0; path = WeatherApp.app; sourceTree = BUILT_PRODUCTS_DIR; };
		B06050F9229577ED00F98EC2 /* AppDelegate.swift */ = {isa = PBXFileReference; lastKnownFileType = sourcecode.swift; path = AppDelegate.swift; sourceTree = "<group>"; };
		B0605101229577ED00F98EC2 /* WeatherApp.xcdatamodel */ = {isa = PBXFileReference; lastKnownFileType = wrapper.xcdatamodel; path = WeatherApp.xcdatamodel; sourceTree = "<group>"; };
		B0605103229577EE00F98EC2 /* Assets.xcassets */ = {isa = PBXFileReference; lastKnownFileType = folder.assetcatalog; path = Assets.xcassets; sourceTree = "<group>"; };
		B0605106229577EE00F98EC2 /* Base */ = {isa = PBXFileReference; lastKnownFileType = file.storyboard; name = Base; path = Base.lproj/LaunchScreen.storyboard; sourceTree = "<group>"; };
		B0605108229577EE00F98EC2 /* Info.plist */ = {isa = PBXFileReference; lastKnownFileType = text.plist.xml; path = Info.plist; sourceTree = "<group>"; };
		B060510D229577EE00F98EC2 /* WeatherAppTests.xctest */ = {isa = PBXFileReference; explicitFileType = wrapper.cfbundle; includeInIndex = 0; path = WeatherAppTests.xctest; sourceTree = BUILT_PRODUCTS_DIR; };
		B0605111229577EE00F98EC2 /* WeatherAppTests.swift */ = {isa = PBXFileReference; lastKnownFileType = sourcecode.swift; path = WeatherAppTests.swift; sourceTree = "<group>"; };
		B0605113229577EE00F98EC2 /* Info.plist */ = {isa = PBXFileReference; lastKnownFileType = text.plist.xml; path = Info.plist; sourceTree = "<group>"; };
		B0605118229577EE00F98EC2 /* WeatherAppUITests.xctest */ = {isa = PBXFileReference; explicitFileType = wrapper.cfbundle; includeInIndex = 0; path = WeatherAppUITests.xctest; sourceTree = BUILT_PRODUCTS_DIR; };
		B060511C229577EE00F98EC2 /* WeatherAppUITests.swift */ = {isa = PBXFileReference; lastKnownFileType = sourcecode.swift; path = WeatherAppUITests.swift; sourceTree = "<group>"; };
		B060511E229577EE00F98EC2 /* Info.plist */ = {isa = PBXFileReference; lastKnownFileType = text.plist.xml; path = Info.plist; sourceTree = "<group>"; };
		B0695B1B22996D51006F7EC0 /* DetailsPresenter.swift */ = {isa = PBXFileReference; lastKnownFileType = sourcecode.swift; path = DetailsPresenter.swift; sourceTree = "<group>"; };
		B07C602B22957D4500E34E90 /* Main.storyboard */ = {isa = PBXFileReference; lastKnownFileType = file.storyboard; path = Main.storyboard; sourceTree = "<group>"; };
		B07C602D22957D7A00E34E90 /* Details.storyboard */ = {isa = PBXFileReference; lastKnownFileType = file.storyboard; path = Details.storyboard; sourceTree = "<group>"; };
		B07C602F22957E9A00E34E90 /* CitiesViewController.swift */ = {isa = PBXFileReference; lastKnownFileType = sourcecode.swift; path = CitiesViewController.swift; sourceTree = "<group>"; };
		B07C60332295834D00E34E90 /* CityTableViewCell.swift */ = {isa = PBXFileReference; lastKnownFileType = sourcecode.swift; path = CityTableViewCell.swift; sourceTree = "<group>"; };
		B07C60352295859E00E34E90 /* CitiesPresenter.swift */ = {isa = PBXFileReference; lastKnownFileType = sourcecode.swift; path = CitiesPresenter.swift; sourceTree = "<group>"; };
		B07C603722958D2000E34E90 /* CityCellPresenter.swift */ = {isa = PBXFileReference; lastKnownFileType = sourcecode.swift; path = CityCellPresenter.swift; sourceTree = "<group>"; };
		B07C60392295927900E34E90 /* DataService.swift */ = {isa = PBXFileReference; lastKnownFileType = sourcecode.swift; path = DataService.swift; sourceTree = "<group>"; };
		B07C603D2295938000E34E90 /* CurrentConditionsModel.swift */ = {isa = PBXFileReference; lastKnownFileType = sourcecode.swift; path = CurrentConditionsModel.swift; sourceTree = "<group>"; };
		B07C603F229593A700E34E90 /* HourlyForecastsModel.swift */ = {isa = PBXFileReference; lastKnownFileType = sourcecode.swift; path = HourlyForecastsModel.swift; sourceTree = "<group>"; };
		B07C6041229593C200E34E90 /* DailyForecastsModel.swift */ = {isa = PBXFileReference; lastKnownFileType = sourcecode.swift; path = DailyForecastsModel.swift; sourceTree = "<group>"; };
		B07C6043229596B200E34E90 /* LocationSearchModel.swift */ = {isa = PBXFileReference; lastKnownFileType = sourcecode.swift; path = LocationSearchModel.swift; sourceTree = "<group>"; };
		B0A359BD229D376D00F01642 /* WeatherIconNameGetter.swift */ = {isa = PBXFileReference; lastKnownFileType = sourcecode.swift; path = WeatherIconNameGetter.swift; sourceTree = "<group>"; };
		B0A359BF229D468100F01642 /* TemperatureTextGetter.swift */ = {isa = PBXFileReference; lastKnownFileType = sourcecode.swift; path = TemperatureTextGetter.swift; sourceTree = "<group>"; };
		B0D35D142297EDFF00C6F4B6 /* CitiesInteractor.swift */ = {isa = PBXFileReference; lastKnownFileType = sourcecode.swift; path = CitiesInteractor.swift; sourceTree = "<group>"; };
		B0D35D552298538700C6F4B6 /* DetailsViewController.swift */ = {isa = PBXFileReference; lastKnownFileType = sourcecode.swift; path = DetailsViewController.swift; sourceTree = "<group>"; };
		B0D826D6229E813700787E23 /* Constants.swift */ = {isa = PBXFileReference; lastKnownFileType = sourcecode.swift; path = Constants.swift; sourceTree = "<group>"; };
		B0D826D8229EB51200787E23 /* DateTimeFormatter.swift */ = {isa = PBXFileReference; lastKnownFileType = sourcecode.swift; path = DateTimeFormatter.swift; sourceTree = "<group>"; };
		B0D826E2229ED05300787E23 /* ForecastsCollectionViewLayout.swift */ = {isa = PBXFileReference; lastKnownFileType = sourcecode.swift; path = ForecastsCollectionViewLayout.swift; sourceTree = "<group>"; };
		B0E4BF902296C50B00DC7011 /* URLMaker.swift */ = {isa = PBXFileReference; lastKnownFileType = sourcecode.swift; path = URLMaker.swift; sourceTree = "<group>"; };
		B0E63F1F229FE547000CB12C /* CitySearchTableViewCell.swift */ = {isa = PBXFileReference; lastKnownFileType = sourcecode.swift; path = CitySearchTableViewCell.swift; sourceTree = "<group>"; };
		B0E63F2122A008F1000CB12C /* CitiesSearchCellPresenter.swift */ = {isa = PBXFileReference; lastKnownFileType = sourcecode.swift; path = CitiesSearchCellPresenter.swift; sourceTree = "<group>"; };
/* End PBXFileReference section */

/* Begin PBXFrameworksBuildPhase section */
		B06050F3229577ED00F98EC2 /* Frameworks */ = {
			isa = PBXFrameworksBuildPhase;
			buildActionMask = 2147483647;
			files = (
			);
			runOnlyForDeploymentPostprocessing = 0;
		};
		B060510A229577EE00F98EC2 /* Frameworks */ = {
			isa = PBXFrameworksBuildPhase;
			buildActionMask = 2147483647;
			files = (
			);
			runOnlyForDeploymentPostprocessing = 0;
		};
		B0605115229577EE00F98EC2 /* Frameworks */ = {
			isa = PBXFrameworksBuildPhase;
			buildActionMask = 2147483647;
			files = (
			);
			runOnlyForDeploymentPostprocessing = 0;
		};
/* End PBXFrameworksBuildPhase section */

/* Begin PBXGroup section */
		B05A520822A3E1BE007F5ACC /* Protocols */ = {
			isa = PBXGroup;
			children = (
				B05A520B22A3E311007F5ACC /* CitiesViewDelegate.swift */,
				B05A520F22A410F5007F5ACC /* VCAlertDelegate.swift */,
			);
			path = Protocols;
			sourceTree = "<group>";
		};
		B06050ED229577ED00F98EC2 = {
			isa = PBXGroup;
			children = (
				B06050F8229577ED00F98EC2 /* WeatherApp */,
				B0605110229577EE00F98EC2 /* WeatherAppTests */,
				B060511B229577EE00F98EC2 /* WeatherAppUITests */,
				B06050F7229577ED00F98EC2 /* Products */,
			);
			sourceTree = "<group>";
		};
		B06050F7229577ED00F98EC2 /* Products */ = {
			isa = PBXGroup;
			children = (
				B06050F6229577ED00F98EC2 /* WeatherApp.app */,
				B060510D229577EE00F98EC2 /* WeatherAppTests.xctest */,
				B0605118229577EE00F98EC2 /* WeatherAppUITests.xctest */,
			);
			name = Products;
			sourceTree = "<group>";
		};
		B06050F8229577ED00F98EC2 /* WeatherApp */ = {
			isa = PBXGroup;
			children = (
				B07C602622957B7B00E34E90 /* Globals */,
				B07C602A22957BB900E34E90 /* DataModels */,
				B07C602922957BA400E34E90 /* Views */,
				B07C602822957B9900E34E90 /* Interactors */,
				B05A520822A3E1BE007F5ACC /* Protocols */,
				B07C602722957B8D00E34E90 /* Presenters */,
				B07C602522957B6A00E34E90 /* DataService */,
				B06050F9229577ED00F98EC2 /* AppDelegate.swift */,
				B0605103229577EE00F98EC2 /* Assets.xcassets */,
				B0605105229577EE00F98EC2 /* LaunchScreen.storyboard */,
				B0605108229577EE00F98EC2 /* Info.plist */,
				B0605100229577ED00F98EC2 /* WeatherApp.xcdatamodeld */,
			);
			path = WeatherApp;
			sourceTree = "<group>";
		};
		B0605110229577EE00F98EC2 /* WeatherAppTests */ = {
			isa = PBXGroup;
			children = (
				B0605111229577EE00F98EC2 /* WeatherAppTests.swift */,
				B0605113229577EE00F98EC2 /* Info.plist */,
			);
			path = WeatherAppTests;
			sourceTree = "<group>";
		};
		B060511B229577EE00F98EC2 /* WeatherAppUITests */ = {
			isa = PBXGroup;
			children = (
				B060511C229577EE00F98EC2 /* WeatherAppUITests.swift */,
				B060511E229577EE00F98EC2 /* Info.plist */,
			);
			path = WeatherAppUITests;
			sourceTree = "<group>";
		};
		B07C602522957B6A00E34E90 /* DataService */ = {
			isa = PBXGroup;
			children = (
				B07C60392295927900E34E90 /* DataService.swift */,
				B0E4BF902296C50B00DC7011 /* URLMaker.swift */,
			);
			path = DataService;
			sourceTree = "<group>";
		};
		B07C602622957B7B00E34E90 /* Globals */ = {
			isa = PBXGroup;
			children = (
				B031D5072297C9FF009AB8B6 /* Globals.swift */,
				B0A359BD229D376D00F01642 /* WeatherIconNameGetter.swift */,
				B0A359BF229D468100F01642 /* TemperatureTextGetter.swift */,
				B0D826D6229E813700787E23 /* Constants.swift */,
				B0D826D8229EB51200787E23 /* DateTimeFormatter.swift */,
			);
			path = Globals;
			sourceTree = "<group>";
		};
		B07C602722957B8D00E34E90 /* Presenters */ = {
			isa = PBXGroup;
			children = (
				B07C60352295859E00E34E90 /* CitiesPresenter.swift */,
				B07C603722958D2000E34E90 /* CityCellPresenter.swift */,
				B0E63F2122A008F1000CB12C /* CitiesSearchCellPresenter.swift */,
				B0695B1B22996D51006F7EC0 /* DetailsPresenter.swift */,
				B00B83B9229C2F78007D0329 /* HourlyForecastsCollectionViewCellPresenter.swift */,
				B00B83BB229C2F9E007D0329 /* DailyForecastsCollectionViewCellPresenter.swift */,
			);
			path = Presenters;
			sourceTree = "<group>";
		};
		B07C602822957B9900E34E90 /* Interactors */ = {
			isa = PBXGroup;
			children = (
				B0D35D142297EDFF00C6F4B6 /* CitiesInteractor.swift */,
				B031D50B2297D66C009AB8B6 /* CityCellInteractor.swift */,
				B00B83B3229C1D49007D0329 /* DetailsInteractor.swift */,
			);
			path = Interactors;
			sourceTree = "<group>";
		};
		B07C602922957BA400E34E90 /* Views */ = {
			isa = PBXGroup;
			children = (
				B07C602B22957D4500E34E90 /* Main.storyboard */,
				B07C602F22957E9A00E34E90 /* CitiesViewController.swift */,
				B07C60332295834D00E34E90 /* CityTableViewCell.swift */,
				B0E63F1F229FE547000CB12C /* CitySearchTableViewCell.swift */,
				B07C602D22957D7A00E34E90 /* Details.storyboard */,
				B0D35D552298538700C6F4B6 /* DetailsViewController.swift */,
				B00B83B5229C2581007D0329 /* HourlyForecastsCollectionViewCell.swift */,
				B00B83B7229C2F25007D0329 /* DailyForecastsCollectionViewCell.swift */,
				B0D826E2229ED05300787E23 /* ForecastsCollectionViewLayout.swift */,
				B05A520D22A40CD4007F5ACC /* Alert.swift */,
			);
			path = Views;
			sourceTree = "<group>";
		};
		B07C602A22957BB900E34E90 /* DataModels */ = {
			isa = PBXGroup;
			children = (
				B07C6043229596B200E34E90 /* LocationSearchModel.swift */,
				B07C603D2295938000E34E90 /* CurrentConditionsModel.swift */,
				B07C603F229593A700E34E90 /* HourlyForecastsModel.swift */,
				B07C6041229593C200E34E90 /* DailyForecastsModel.swift */,
				B05A520222A3AEAE007F5ACC /* ServiceUnavailable.swift */,
			);
			path = DataModels;
			sourceTree = "<group>";
		};
/* End PBXGroup section */

/* Begin PBXNativeTarget section */
		B06050F5229577ED00F98EC2 /* WeatherApp */ = {
			isa = PBXNativeTarget;
			buildConfigurationList = B0605121229577EE00F98EC2 /* Build configuration list for PBXNativeTarget "WeatherApp" */;
			buildPhases = (
				B06050F2229577ED00F98EC2 /* Sources */,
				B06050F3229577ED00F98EC2 /* Frameworks */,
				B06050F4229577ED00F98EC2 /* Resources */,
			);
			buildRules = (
			);
			dependencies = (
			);
			name = WeatherApp;
			productName = WeatherApp;
			productReference = B06050F6229577ED00F98EC2 /* WeatherApp.app */;
			productType = "com.apple.product-type.application";
		};
		B060510C229577EE00F98EC2 /* WeatherAppTests */ = {
			isa = PBXNativeTarget;
			buildConfigurationList = B0605124229577EE00F98EC2 /* Build configuration list for PBXNativeTarget "WeatherAppTests" */;
			buildPhases = (
				B0605109229577EE00F98EC2 /* Sources */,
				B060510A229577EE00F98EC2 /* Frameworks */,
				B060510B229577EE00F98EC2 /* Resources */,
			);
			buildRules = (
			);
			dependencies = (
				B060510F229577EE00F98EC2 /* PBXTargetDependency */,
			);
			name = WeatherAppTests;
			productName = WeatherAppTests;
			productReference = B060510D229577EE00F98EC2 /* WeatherAppTests.xctest */;
			productType = "com.apple.product-type.bundle.unit-test";
		};
		B0605117229577EE00F98EC2 /* WeatherAppUITests */ = {
			isa = PBXNativeTarget;
			buildConfigurationList = B0605127229577EE00F98EC2 /* Build configuration list for PBXNativeTarget "WeatherAppUITests" */;
			buildPhases = (
				B0605114229577EE00F98EC2 /* Sources */,
				B0605115229577EE00F98EC2 /* Frameworks */,
				B0605116229577EE00F98EC2 /* Resources */,
			);
			buildRules = (
			);
			dependencies = (
				B060511A229577EE00F98EC2 /* PBXTargetDependency */,
			);
			name = WeatherAppUITests;
			productName = WeatherAppUITests;
			productReference = B0605118229577EE00F98EC2 /* WeatherAppUITests.xctest */;
			productType = "com.apple.product-type.bundle.ui-testing";
		};
/* End PBXNativeTarget section */

/* Begin PBXProject section */
		B06050EE229577ED00F98EC2 /* Project object */ = {
			isa = PBXProject;
			attributes = {
				LastSwiftUpdateCheck = 1020;
				LastUpgradeCheck = 1020;
				ORGANIZATIONNAME = "My Company";
				TargetAttributes = {
					B06050F5229577ED00F98EC2 = {
						CreatedOnToolsVersion = 10.2.1;
					};
					B060510C229577EE00F98EC2 = {
						CreatedOnToolsVersion = 10.2.1;
						TestTargetID = B06050F5229577ED00F98EC2;
					};
					B0605117229577EE00F98EC2 = {
						CreatedOnToolsVersion = 10.2.1;
						TestTargetID = B06050F5229577ED00F98EC2;
					};
				};
			};
			buildConfigurationList = B06050F1229577ED00F98EC2 /* Build configuration list for PBXProject "WeatherApp" */;
			compatibilityVersion = "Xcode 9.3";
			developmentRegion = en;
			hasScannedForEncodings = 0;
			knownRegions = (
				en,
				Base,
			);
			mainGroup = B06050ED229577ED00F98EC2;
			productRefGroup = B06050F7229577ED00F98EC2 /* Products */;
			projectDirPath = "";
			projectRoot = "";
			targets = (
				B06050F5229577ED00F98EC2 /* WeatherApp */,
				B060510C229577EE00F98EC2 /* WeatherAppTests */,
				B0605117229577EE00F98EC2 /* WeatherAppUITests */,
			);
		};
/* End PBXProject section */

/* Begin PBXResourcesBuildPhase section */
		B06050F4229577ED00F98EC2 /* Resources */ = {
			isa = PBXResourcesBuildPhase;
			buildActionMask = 2147483647;
			files = (
				B0605107229577EE00F98EC2 /* LaunchScreen.storyboard in Resources */,
				B0605104229577EE00F98EC2 /* Assets.xcassets in Resources */,
				B07C602C22957D4500E34E90 /* Main.storyboard in Resources */,
				B07C602E22957D7A00E34E90 /* Details.storyboard in Resources */,
			);
			runOnlyForDeploymentPostprocessing = 0;
		};
		B060510B229577EE00F98EC2 /* Resources */ = {
			isa = PBXResourcesBuildPhase;
			buildActionMask = 2147483647;
			files = (
			);
			runOnlyForDeploymentPostprocessing = 0;
		};
		B0605116229577EE00F98EC2 /* Resources */ = {
			isa = PBXResourcesBuildPhase;
			buildActionMask = 2147483647;
			files = (
			);
			runOnlyForDeploymentPostprocessing = 0;
		};
/* End PBXResourcesBuildPhase section */

/* Begin PBXSourcesBuildPhase section */
		B06050F2229577ED00F98EC2 /* Sources */ = {
			isa = PBXSourcesBuildPhase;
			buildActionMask = 2147483647;
			files = (
				B0D826D7229E813700787E23 /* Constants.swift in Sources */,
				B0E4BF912296C50B00DC7011 /* URLMaker.swift in Sources */,
				B00B83B4229C1D49007D0329 /* DetailsInteractor.swift in Sources */,
				B00B83BC229C2F9E007D0329 /* DailyForecastsCollectionViewCellPresenter.swift in Sources */,
				B00B83B6229C2581007D0329 /* HourlyForecastsCollectionViewCell.swift in Sources */,
				B0A359C0229D468100F01642 /* TemperatureTextGetter.swift in Sources */,
				B0E63F20229FE547000CB12C /* CitySearchTableViewCell.swift in Sources */,
				B05A520C22A3E311007F5ACC /* CitiesViewDelegate.swift in Sources */,
				B07C6044229596B200E34E90 /* LocationSearchModel.swift in Sources */,
				B0A359BE229D376D00F01642 /* WeatherIconNameGetter.swift in Sources */,
				B0D826E3229ED05300787E23 /* ForecastsCollectionViewLayout.swift in Sources */,
				B0E63F2222A008F1000CB12C /* CitiesSearchCellPresenter.swift in Sources */,
				B07C60362295859E00E34E90 /* CitiesPresenter.swift in Sources */,
				B07C603A2295927900E34E90 /* DataService.swift in Sources */,
				B07C6042229593C200E34E90 /* DailyForecastsModel.swift in Sources */,
				B07C603E2295938000E34E90 /* CurrentConditionsModel.swift in Sources */,
				B031D5082297C9FF009AB8B6 /* Globals.swift in Sources */,
				B07C603022957E9A00E34E90 /* CitiesViewController.swift in Sources */,
				B05A521022A410F5007F5ACC /* VCAlertDelegate.swift in Sources */,
				B0605102229577ED00F98EC2 /* WeatherApp.xcdatamodeld in Sources */,
				B0695B1C22996D51006F7EC0 /* DetailsPresenter.swift in Sources */,
				B07C603822958D2000E34E90 /* CityCellPresenter.swift in Sources */,
				B07C60342295834D00E34E90 /* CityTableViewCell.swift in Sources */,
				B0D35D562298538700C6F4B6 /* DetailsViewController.swift in Sources */,
				B0D35D152297EDFF00C6F4B6 /* CitiesInteractor.swift in Sources */,
				B031D50C2297D66C009AB8B6 /* CityCellInteractor.swift in Sources */,
				B00B83BA229C2F78007D0329 /* HourlyForecastsCollectionViewCellPresenter.swift in Sources */,
				B00B83B8229C2F25007D0329 /* DailyForecastsCollectionViewCell.swift in Sources */,
				B05A520322A3AEAE007F5ACC /* ServiceUnavailable.swift in Sources */,
				B0D826D9229EB51200787E23 /* DateTimeFormatter.swift in Sources */,
				B06050FA229577ED00F98EC2 /* AppDelegate.swift in Sources */,
				B05A520E22A40CD4007F5ACC /* Alert.swift in Sources */,
				B07C6040229593A700E34E90 /* HourlyForecastsModel.swift in Sources */,
			);
			runOnlyForDeploymentPostprocessing = 0;
		};
		B0605109229577EE00F98EC2 /* Sources */ = {
			isa = PBXSourcesBuildPhase;
			buildActionMask = 2147483647;
			files = (
				B0605112229577EE00F98EC2 /* WeatherAppTests.swift in Sources */,
			);
			runOnlyForDeploymentPostprocessing = 0;
		};
		B0605114229577EE00F98EC2 /* Sources */ = {
			isa = PBXSourcesBuildPhase;
			buildActionMask = 2147483647;
			files = (
				B060511D229577EE00F98EC2 /* WeatherAppUITests.swift in Sources */,
			);
			runOnlyForDeploymentPostprocessing = 0;
		};
/* End PBXSourcesBuildPhase section */

/* Begin PBXTargetDependency section */
		B060510F229577EE00F98EC2 /* PBXTargetDependency */ = {
			isa = PBXTargetDependency;
			target = B06050F5229577ED00F98EC2 /* WeatherApp */;
			targetProxy = B060510E229577EE00F98EC2 /* PBXContainerItemProxy */;
		};
		B060511A229577EE00F98EC2 /* PBXTargetDependency */ = {
			isa = PBXTargetDependency;
			target = B06050F5229577ED00F98EC2 /* WeatherApp */;
			targetProxy = B0605119229577EE00F98EC2 /* PBXContainerItemProxy */;
		};
/* End PBXTargetDependency section */

/* Begin PBXVariantGroup section */
		B0605105229577EE00F98EC2 /* LaunchScreen.storyboard */ = {
			isa = PBXVariantGroup;
			children = (
				B0605106229577EE00F98EC2 /* Base */,
			);
			name = LaunchScreen.storyboard;
			sourceTree = "<group>";
		};
/* End PBXVariantGroup section */

/* Begin XCBuildConfiguration section */
		B060511F229577EE00F98EC2 /* Debug */ = {
			isa = XCBuildConfiguration;
			buildSettings = {
				ALWAYS_SEARCH_USER_PATHS = NO;
				CLANG_ANALYZER_NONNULL = YES;
				CLANG_ANALYZER_NUMBER_OBJECT_CONVERSION = YES_AGGRESSIVE;
				CLANG_CXX_LANGUAGE_STANDARD = "gnu++14";
				CLANG_CXX_LIBRARY = "libc++";
				CLANG_ENABLE_MODULES = YES;
				CLANG_ENABLE_OBJC_ARC = YES;
				CLANG_ENABLE_OBJC_WEAK = YES;
				CLANG_WARN_BLOCK_CAPTURE_AUTORELEASING = YES;
				CLANG_WARN_BOOL_CONVERSION = YES;
				CLANG_WARN_COMMA = YES;
				CLANG_WARN_CONSTANT_CONVERSION = YES;
				CLANG_WARN_DEPRECATED_OBJC_IMPLEMENTATIONS = YES;
				CLANG_WARN_DIRECT_OBJC_ISA_USAGE = YES_ERROR;
				CLANG_WARN_DOCUMENTATION_COMMENTS = YES;
				CLANG_WARN_EMPTY_BODY = YES;
				CLANG_WARN_ENUM_CONVERSION = YES;
				CLANG_WARN_INFINITE_RECURSION = YES;
				CLANG_WARN_INT_CONVERSION = YES;
				CLANG_WARN_NON_LITERAL_NULL_CONVERSION = YES;
				CLANG_WARN_OBJC_IMPLICIT_RETAIN_SELF = YES;
				CLANG_WARN_OBJC_LITERAL_CONVERSION = YES;
				CLANG_WARN_OBJC_ROOT_CLASS = YES_ERROR;
				CLANG_WARN_RANGE_LOOP_ANALYSIS = YES;
				CLANG_WARN_STRICT_PROTOTYPES = YES;
				CLANG_WARN_SUSPICIOUS_MOVE = YES;
				CLANG_WARN_UNGUARDED_AVAILABILITY = YES_AGGRESSIVE;
				CLANG_WARN_UNREACHABLE_CODE = YES;
				CLANG_WARN__DUPLICATE_METHOD_MATCH = YES;
				CODE_SIGN_IDENTITY = "iPhone Developer";
				COPY_PHASE_STRIP = NO;
				DEBUG_INFORMATION_FORMAT = dwarf;
				ENABLE_STRICT_OBJC_MSGSEND = YES;
				ENABLE_TESTABILITY = YES;
				GCC_C_LANGUAGE_STANDARD = gnu11;
				GCC_DYNAMIC_NO_PIC = NO;
				GCC_NO_COMMON_BLOCKS = YES;
				GCC_OPTIMIZATION_LEVEL = 0;
				GCC_PREPROCESSOR_DEFINITIONS = (
					"DEBUG=1",
					"$(inherited)",
				);
				GCC_WARN_64_TO_32_BIT_CONVERSION = YES;
				GCC_WARN_ABOUT_RETURN_TYPE = YES_ERROR;
				GCC_WARN_UNDECLARED_SELECTOR = YES;
				GCC_WARN_UNINITIALIZED_AUTOS = YES_AGGRESSIVE;
				GCC_WARN_UNUSED_FUNCTION = YES;
				GCC_WARN_UNUSED_VARIABLE = YES;
				IPHONEOS_DEPLOYMENT_TARGET = 12.2;
				MTL_ENABLE_DEBUG_INFO = INCLUDE_SOURCE;
				MTL_FAST_MATH = YES;
				ONLY_ACTIVE_ARCH = YES;
				SDKROOT = iphoneos;
				SWIFT_ACTIVE_COMPILATION_CONDITIONS = DEBUG;
				SWIFT_OPTIMIZATION_LEVEL = "-Onone";
			};
			name = Debug;
		};
		B0605120229577EE00F98EC2 /* Release */ = {
			isa = XCBuildConfiguration;
			buildSettings = {
				ALWAYS_SEARCH_USER_PATHS = NO;
				CLANG_ANALYZER_NONNULL = YES;
				CLANG_ANALYZER_NUMBER_OBJECT_CONVERSION = YES_AGGRESSIVE;
				CLANG_CXX_LANGUAGE_STANDARD = "gnu++14";
				CLANG_CXX_LIBRARY = "libc++";
				CLANG_ENABLE_MODULES = YES;
				CLANG_ENABLE_OBJC_ARC = YES;
				CLANG_ENABLE_OBJC_WEAK = YES;
				CLANG_WARN_BLOCK_CAPTURE_AUTORELEASING = YES;
				CLANG_WARN_BOOL_CONVERSION = YES;
				CLANG_WARN_COMMA = YES;
				CLANG_WARN_CONSTANT_CONVERSION = YES;
				CLANG_WARN_DEPRECATED_OBJC_IMPLEMENTATIONS = YES;
				CLANG_WARN_DIRECT_OBJC_ISA_USAGE = YES_ERROR;
				CLANG_WARN_DOCUMENTATION_COMMENTS = YES;
				CLANG_WARN_EMPTY_BODY = YES;
				CLANG_WARN_ENUM_CONVERSION = YES;
				CLANG_WARN_INFINITE_RECURSION = YES;
				CLANG_WARN_INT_CONVERSION = YES;
				CLANG_WARN_NON_LITERAL_NULL_CONVERSION = YES;
				CLANG_WARN_OBJC_IMPLICIT_RETAIN_SELF = YES;
				CLANG_WARN_OBJC_LITERAL_CONVERSION = YES;
				CLANG_WARN_OBJC_ROOT_CLASS = YES_ERROR;
				CLANG_WARN_RANGE_LOOP_ANALYSIS = YES;
				CLANG_WARN_STRICT_PROTOTYPES = YES;
				CLANG_WARN_SUSPICIOUS_MOVE = YES;
				CLANG_WARN_UNGUARDED_AVAILABILITY = YES_AGGRESSIVE;
				CLANG_WARN_UNREACHABLE_CODE = YES;
				CLANG_WARN__DUPLICATE_METHOD_MATCH = YES;
				CODE_SIGN_IDENTITY = "iPhone Developer";
				COPY_PHASE_STRIP = NO;
				DEBUG_INFORMATION_FORMAT = "dwarf-with-dsym";
				ENABLE_NS_ASSERTIONS = NO;
				ENABLE_STRICT_OBJC_MSGSEND = YES;
				GCC_C_LANGUAGE_STANDARD = gnu11;
				GCC_NO_COMMON_BLOCKS = YES;
				GCC_WARN_64_TO_32_BIT_CONVERSION = YES;
				GCC_WARN_ABOUT_RETURN_TYPE = YES_ERROR;
				GCC_WARN_UNDECLARED_SELECTOR = YES;
				GCC_WARN_UNINITIALIZED_AUTOS = YES_AGGRESSIVE;
				GCC_WARN_UNUSED_FUNCTION = YES;
				GCC_WARN_UNUSED_VARIABLE = YES;
				IPHONEOS_DEPLOYMENT_TARGET = 12.2;
				MTL_ENABLE_DEBUG_INFO = NO;
				MTL_FAST_MATH = YES;
				SDKROOT = iphoneos;
				SWIFT_COMPILATION_MODE = wholemodule;
				SWIFT_OPTIMIZATION_LEVEL = "-O";
				VALIDATE_PRODUCT = YES;
			};
			name = Release;
		};
		B0605122229577EE00F98EC2 /* Debug */ = {
			isa = XCBuildConfiguration;
			buildSettings = {
				ASSETCATALOG_COMPILER_APPICON_NAME = AppIcon;
				CODE_SIGN_STYLE = Automatic;
				INFOPLIST_FILE = WeatherApp/Info.plist;
				LD_RUNPATH_SEARCH_PATHS = (
					"$(inherited)",
					"@executable_path/Frameworks",
				);
				PRODUCT_BUNDLE_IDENTIFIER = "Andrii-Voinarovskyi.WeatherApp";
				PRODUCT_NAME = "$(TARGET_NAME)";
				SWIFT_VERSION = 5.0;
				TARGETED_DEVICE_FAMILY = "1,2";
			};
			name = Debug;
		};
		B0605123229577EE00F98EC2 /* Release */ = {
			isa = XCBuildConfiguration;
			buildSettings = {
				ASSETCATALOG_COMPILER_APPICON_NAME = AppIcon;
				CODE_SIGN_STYLE = Automatic;
				INFOPLIST_FILE = WeatherApp/Info.plist;
				LD_RUNPATH_SEARCH_PATHS = (
					"$(inherited)",
					"@executable_path/Frameworks",
				);
				PRODUCT_BUNDLE_IDENTIFIER = "Andrii-Voinarovskyi.WeatherApp";
				PRODUCT_NAME = "$(TARGET_NAME)";
				SWIFT_VERSION = 5.0;
				TARGETED_DEVICE_FAMILY = "1,2";
			};
			name = Release;
		};
		B0605125229577EE00F98EC2 /* Debug */ = {
			isa = XCBuildConfiguration;
			buildSettings = {
				ALWAYS_EMBED_SWIFT_STANDARD_LIBRARIES = YES;
				BUNDLE_LOADER = "$(TEST_HOST)";
				CODE_SIGN_STYLE = Automatic;
				INFOPLIST_FILE = WeatherAppTests/Info.plist;
				LD_RUNPATH_SEARCH_PATHS = (
					"$(inherited)",
					"@executable_path/Frameworks",
					"@loader_path/Frameworks",
				);
				PRODUCT_BUNDLE_IDENTIFIER = "Andrii-Voinarovskyi.WeatherAppTests";
				PRODUCT_NAME = "$(TARGET_NAME)";
				SWIFT_VERSION = 5.0;
				TARGETED_DEVICE_FAMILY = "1,2";
				TEST_HOST = "$(BUILT_PRODUCTS_DIR)/WeatherApp.app/WeatherApp";
			};
			name = Debug;
		};
		B0605126229577EE00F98EC2 /* Release */ = {
			isa = XCBuildConfiguration;
			buildSettings = {
				ALWAYS_EMBED_SWIFT_STANDARD_LIBRARIES = YES;
				BUNDLE_LOADER = "$(TEST_HOST)";
				CODE_SIGN_STYLE = Automatic;
				INFOPLIST_FILE = WeatherAppTests/Info.plist;
				LD_RUNPATH_SEARCH_PATHS = (
					"$(inherited)",
					"@executable_path/Frameworks",
					"@loader_path/Frameworks",
				);
				PRODUCT_BUNDLE_IDENTIFIER = "Andrii-Voinarovskyi.WeatherAppTests";
				PRODUCT_NAME = "$(TARGET_NAME)";
				SWIFT_VERSION = 5.0;
				TARGETED_DEVICE_FAMILY = "1,2";
				TEST_HOST = "$(BUILT_PRODUCTS_DIR)/WeatherApp.app/WeatherApp";
			};
			name = Release;
		};
		B0605128229577EE00F98EC2 /* Debug */ = {
			isa = XCBuildConfiguration;
			buildSettings = {
				ALWAYS_EMBED_SWIFT_STANDARD_LIBRARIES = YES;
				CODE_SIGN_STYLE = Automatic;
				INFOPLIST_FILE = WeatherAppUITests/Info.plist;
				LD_RUNPATH_SEARCH_PATHS = (
					"$(inherited)",
					"@executable_path/Frameworks",
					"@loader_path/Frameworks",
				);
				PRODUCT_BUNDLE_IDENTIFIER = "Andrii-Voinarovskyi.WeatherAppUITests";
				PRODUCT_NAME = "$(TARGET_NAME)";
				SWIFT_VERSION = 5.0;
				TARGETED_DEVICE_FAMILY = "1,2";
				TEST_TARGET_NAME = WeatherApp;
			};
			name = Debug;
		};
		B0605129229577EE00F98EC2 /* Release */ = {
			isa = XCBuildConfiguration;
			buildSettings = {
				ALWAYS_EMBED_SWIFT_STANDARD_LIBRARIES = YES;
				CODE_SIGN_STYLE = Automatic;
				INFOPLIST_FILE = WeatherAppUITests/Info.plist;
				LD_RUNPATH_SEARCH_PATHS = (
					"$(inherited)",
					"@executable_path/Frameworks",
					"@loader_path/Frameworks",
				);
				PRODUCT_BUNDLE_IDENTIFIER = "Andrii-Voinarovskyi.WeatherAppUITests";
				PRODUCT_NAME = "$(TARGET_NAME)";
				SWIFT_VERSION = 5.0;
				TARGETED_DEVICE_FAMILY = "1,2";
				TEST_TARGET_NAME = WeatherApp;
			};
			name = Release;
		};
/* End XCBuildConfiguration section */

/* Begin XCConfigurationList section */
		B06050F1229577ED00F98EC2 /* Build configuration list for PBXProject "WeatherApp" */ = {
			isa = XCConfigurationList;
			buildConfigurations = (
				B060511F229577EE00F98EC2 /* Debug */,
				B0605120229577EE00F98EC2 /* Release */,
			);
			defaultConfigurationIsVisible = 0;
			defaultConfigurationName = Release;
		};
		B0605121229577EE00F98EC2 /* Build configuration list for PBXNativeTarget "WeatherApp" */ = {
			isa = XCConfigurationList;
			buildConfigurations = (
				B0605122229577EE00F98EC2 /* Debug */,
				B0605123229577EE00F98EC2 /* Release */,
			);
			defaultConfigurationIsVisible = 0;
			defaultConfigurationName = Release;
		};
		B0605124229577EE00F98EC2 /* Build configuration list for PBXNativeTarget "WeatherAppTests" */ = {
			isa = XCConfigurationList;
			buildConfigurations = (
				B0605125229577EE00F98EC2 /* Debug */,
				B0605126229577EE00F98EC2 /* Release */,
			);
			defaultConfigurationIsVisible = 0;
			defaultConfigurationName = Release;
		};
		B0605127229577EE00F98EC2 /* Build configuration list for PBXNativeTarget "WeatherAppUITests" */ = {
			isa = XCConfigurationList;
			buildConfigurations = (
				B0605128229577EE00F98EC2 /* Debug */,
				B0605129229577EE00F98EC2 /* Release */,
			);
			defaultConfigurationIsVisible = 0;
			defaultConfigurationName = Release;
		};
/* End XCConfigurationList section */

/* Begin XCVersionGroup section */
		B0605100229577ED00F98EC2 /* WeatherApp.xcdatamodeld */ = {
			isa = XCVersionGroup;
			children = (
				B0605101229577ED00F98EC2 /* WeatherApp.xcdatamodel */,
			);
			currentVersion = B0605101229577ED00F98EC2 /* WeatherApp.xcdatamodel */;
			path = WeatherApp.xcdatamodeld;
			sourceTree = "<group>";
			versionGroupType = wrapper.xcdatamodel;
		};
/* End XCVersionGroup section */
	};
	rootObject = B06050EE229577ED00F98EC2 /* Project object */;
}
